
Microsoft Visual Studio Solution File, Format Version 12.00
# Visual Studio Version 18
VisualStudioVersion = 18.5.11801.241
MinimumVisualStudioVersion = 10.0.40219.1
Project("{FAE04EC0-301F-11D3-BF4B-00C04F79EFBC}") = "Coding4Coffee.WinForms", "Coding4Coffee.WinForms\Coding4Coffee.WinForms.csproj", "{18853EDC-F909-458D-971B-45EBCAB866EF}"
EndProject
Project("{FAE04EC0-301F-11D3-BF4B-00C04F79EFBC}") = "Coding4Coffee.Basics", "Coding4Coffee.Basics\Coding4Coffee.Basics.csproj", "{CC9AA97D-2836-91F9-948E-9E734646014F}"
EndProject
Project("{FAE04EC0-301F-11D3-BF4B-00C04F79EFBC}") = "Coding4Coffee.Basics.Tests", "Coding4Coffee.Basics.Tests\Coding4Coffee.Basics.Tests.csproj", "{2FDC9AF9-7C98-4250-AE03-69053BA44935}"
EndProject
Project("{FAE04EC0-301F-11D3-BF4B-00C04F79EFBC}") = "Coding4Coffee.WinForms.Tests", "Coding4Coffee.WinForms.Tests\Coding4Coffee.WinForms.Tests.csproj", "{9DE19EA7-D61D-4AF0-9E20-042625D784D2}"
EndProject
Global
	GlobalSection(SolutionConfigurationPlatforms) = preSolution
		Debug|Any CPU = Debug|Any CPU
		Debug|x64 = Debug|x64
		Debug|x86 = Debug|x86
		Release|Any CPU = Release|Any CPU
		Release|x64 = Release|x64
		Release|x86 = Release|x86
	EndGlobalSection
	GlobalSection(ProjectConfigurationPlatforms) = postSolution
		{18853EDC-F909-458D-971B-45EBCAB866EF}.Debug|Any CPU.ActiveCfg = Debug|Any CPU
		{18853EDC-F909-458D-971B-45EBCAB866EF}.Debug|Any CPU.Build.0 = Debug|Any CPU
		{18853EDC-F909-458D-971B-45EBCAB866EF}.Debug|x64.ActiveCfg = Debug|Any CPU
		{18853EDC-F909-458D-971B-45EBCAB866EF}.Debug|x64.Build.0 = Debug|Any CPU
		{18853EDC-F909-458D-971B-45EBCAB866EF}.Debug|x86.ActiveCfg = Debug|Any CPU
		{18853EDC-F909-458D-971B-45EBCAB866EF}.Debug|x86.Build.0 = Debug|Any CPU
		{18853EDC-F909-458D-971B-45EBCAB866EF}.Release|Any CPU.ActiveCfg = Release|Any CPU
		{18853EDC-F909-458D-971B-45EBCAB866EF}.Release|Any CPU.Build.0 = Release|Any CPU
		{18853EDC-F909-458D-971B-45EBCAB866EF}.Release|x64.ActiveCfg = Release|Any CPU
		{18853EDC-F909-458D-971B-45EBCAB866EF}.Release|x64.Build.0 = Release|Any CPU
		{18853EDC-F909-458D-971B-45EBCAB866EF}.Release|x86.ActiveCfg = Release|Any CPU
		{18853EDC-F909-458D-971B-45EBCAB866EF}.Release|x86.Build.0 = Release|Any CPU
		{CC9AA97D-2836-91F9-948E-9E734646014F}.Debug|Any CPU.ActiveCfg = Debug|Any CPU
		{CC9AA97D-2836-91F9-948E-9E734646014F}.Debug|Any CPU.Build.0 = Debug|Any CPU
		{CC9AA97D-2836-91F9-948E-9E734646014F}.Debug|x64.ActiveCfg = Debug|Any CPU
		{CC9AA97D-2836-91F9-948E-9E734646014F}.Debug|x64.Build.0 = Debug|Any CPU
		{CC9AA97D-2836-91F9-948E-9E734646014F}.Debug|x86.ActiveCfg = Debug|Any CPU
		{CC9AA97D-2836-91F9-948E-9E734646014F}.Debug|x86.Build.0 = Debug|Any CPU
		{CC9AA97D-2836-91F9-948E-9E734646014F}.Release|Any CPU.ActiveCfg = Release|Any CPU
		{CC9AA97D-2836-91F9-948E-9E734646014F}.Release|Any CPU.Build.0 = Release|Any CPU
		{CC9AA97D-2836-91F9-948E-9E734646014F}.Release|x64.ActiveCfg = Release|Any CPU
		{CC9AA97D-2836-91F9-948E-9E734646014F}.Release|x64.Build.0 = Release|Any CPU
		{CC9AA97D-2836-91F9-948E-9E734646014F}.Release|x86.ActiveCfg = Release|Any CPU
		{CC9AA97D-2836-91F9-948E-9E734646014F}.Release|x86.Build.0 = Release|Any CPU
		{2FDC9AF9-7C98-4250-AE03-69053BA44935}.Debug|Any CPU.ActiveCfg = Debug|Any CPU
		{2FDC9AF9-7C98-4250-AE03-69053BA44935}.Debug|Any CPU.Build.0 = Debug|Any CPU
		{2FDC9AF9-7C98-4250-AE03-69053BA44935}.Debug|x64.ActiveCfg = Debug|Any CPU
		{2FDC9AF9-7C98-4250-AE03-69053BA44935}.Debug|x64.Build.0 = Debug|Any CPU
		{2FDC9AF9-7C98-4250-AE03-69053BA44935}.Debug|x86.ActiveCfg = Debug|Any CPU
		{2FDC9AF9-7C98-4250-AE03-69053BA44935}.Debug|x86.Build.0 = Debug|Any CPU
		{2FDC9AF9-7C98-4250-AE03-69053BA44935}.Release|Any CPU.ActiveCfg = Release|Any CPU
		{2FDC9AF9-7C98-4250-AE03-69053BA44935}.Release|Any CPU.Build.0 = Release|Any CPU
		{2FDC9AF9-7C98-4250-AE03-69053BA44935}.Release|x64.ActiveCfg = Release|Any CPU
		{2FDC9AF9-7C98-4250-AE03-69053BA44935}.Release|x64.Build.0 = Release|Any CPU
		{2FDC9AF9-7C98-4250-AE03-69053BA44935}.Release|x86.ActiveCfg = Release|Any CPU
		{2FDC9AF9-7C98-4250-AE03-69053BA44935}.Release|x86.Build.0 = Release|Any CPU
		{9DE19EA7-D61D-4AF0-9E20-042625D784D2}.Debug|Any CPU.ActiveCfg = Debug|Any CPU
		{9DE19EA7-D61D-4AF0-9E20-042625D784D2}.Debug|Any CPU.Build.0 = Debug|Any CPU
		{9DE19EA7-D61D-4AF0-9E20-042625D784D2}.Debug|x64.ActiveCfg = Debug|Any CPU
		{9DE19EA7-D61D-4AF0-9E20-042625D784D2}.Debug|x64.Build.0 = Debug|Any CPU
		{9DE19EA7-D61D-4AF0-9E20-042625D784D2}.Debug|x86.ActiveCfg = Debug|Any CPU
		{9DE19EA7-D61D-4AF0-9E20-042625D784D2}.Debug|x86.Build.0 = Debug|Any CPU
		{9DE19EA7-D61D-4AF0-9E20-042625D784D2}.Release|Any CPU.ActiveCfg = Release|Any CPU
		{9DE19EA7-D61D-4AF0-9E20-042625D784D2}.Release|Any CPU.Build.0 = Release|Any CPU
		{9DE19EA7-D61D-4AF0-9E20-042625D784D2}.Release|x64.ActiveCfg = Release|Any CPU
		{9DE19EA7-D61D-4AF0-9E20-042625D784D2}.Release|x64.Build.0 = Release|Any CPU
		{9DE19EA7-D61D-4AF0-9E20-042625D784D2}.Release|x86.ActiveCfg = Release|Any CPU
		{9DE19EA7-D61D-4AF0-9E20-042625D784D2}.Release|x86.Build.0 = Release|Any CPU
	EndGlobalSection
	GlobalSection(SolutionProperties) = preSolution
		HideSolutionNode = FALSE
	EndGlobalSection
	GlobalSection(ExtensibilityGlobals) = postSolution
		SolutionGuid = {88E01D8D-8CE6-4D2D-AB6B-CCE9CA1E1975}
	EndGlobalSection
EndGlobal
